
Microsoft Visual Studio Solution File, Format Version 12.00
# Visual Studio 15
VisualStudioVersion = 15.0.27703.2042
MinimumVisualStudioVersion = 10.0.40219.1
Project("{FAE04EC0-301F-11D3-BF4B-00C04F79EFBC}") = "Projeto1", "Projeto1\Projeto1.csproj", "{29C58D44-F8BB-4192-8537-6DFD175D5B26}"
EndProject
Global
	GlobalSection(SolutionConfigurationPlatforms) = preSolution
		Debug|Any CPU = Debug|Any CPU
		Release|Any CPU = Release|Any CPU
	EndGlobalSection
	GlobalSection(ProjectConfigurationPlatforms) = postSolution
		{29C58D44-F8BB-4192-8537-6DFD175D5B26}.Debug|Any CPU.ActiveCfg = Debug|Any CPU
		{29C58D44-F8BB-4192-8537-6DFD175D5B26}.Debug|Any CPU.Build.0 = Debug|Any CPU
		{29C58D44-F8BB-4192-8537-6DFD175D5B26}.Release|Any CPU.ActiveCfg = Release|Any CPU
		{29C58D44-F8BB-4192-8537-6DFD175D5B26}.Release|Any CPU.Build.0 = Release|Any CPU
	EndGlobalSection
	GlobalSection(SolutionProperties) = preSolution
		HideSolutionNode = FALSE
	EndGlobalSection
	GlobalSection(ExtensibilityGlobals) = postSolution
		SolutionGuid = {E6A62862-500F-45F4-B834-1ACBE377B74F}
	EndGlobalSection
EndGlobal
